
Microsoft Visual Studio Solution File, Format Version 12.00
# Visual Studio Version 16
VisualStudioVersion = 16.0.30114.105
MinimumVisualStudioVersion = 10.0.40219.1
Project("{9A19103F-16F7-4668-BE54-9A1E7A4F7556}") = "NetCore.WinService", "NetCore.WinService\NetCore.WinService.csproj", "{F70150C3-7E90-4A48-AC7F-C483AA69B87D}"
EndProject
Global
	GlobalSection(SolutionConfigurationPlatforms) = preSolution
		Debug|Any CPU = Debug|Any CPU
		Release|Any CPU = Release|Any CPU
	EndGlobalSection
	GlobalSection(ProjectConfigurationPlatforms) = postSolution
		{F70150C3-7E90-4A48-AC7F-C483AA69B87D}.Debug|Any CPU.ActiveCfg = Debug|Any CPU
		{F70150C3-7E90-4A48-AC7F-C483AA69B87D}.Debug|Any CPU.Build.0 = Debug|Any CPU
		{F70150C3-7E90-4A48-AC7F-C483AA69B87D}.Release|Any CPU.ActiveCfg = Release|Any CPU
		{F70150C3-7E90-4A48-AC7F-C483AA69B87D}.Release|Any CPU.Build.0 = Release|Any CPU
	EndGlobalSection
	GlobalSection(SolutionProperties) = preSolution
		HideSolutionNode = FALSE
	EndGlobalSection
	GlobalSection(ExtensibilityGlobals) = postSolution
		SolutionGuid = {2D853039-82FB-4729-A6B9-635C8E600106}
	EndGlobalSection
EndGlobal
