
Microsoft Visual Studio Solution File, Format Version 12.00
# Visual Studio Version 17
VisualStudioVersion = 17.8.34511.84
MinimumVisualStudioVersion = 10.0.40219.1
Project("{9A19103F-16F7-4668-BE54-9A1E7A4F7556}") = "Chat.SK", "Chat.SK.csproj", "{F9E08994-3C60-4BA5-8A12-2636BB57E200}"
EndProject
Global
	GlobalSection(SolutionConfigurationPlatforms) = preSolution
		Debug|Any CPU = Debug|Any CPU
		Release|Any CPU = Release|Any CPU
	EndGlobalSection
	GlobalSection(ProjectConfigurationPlatforms) = postSolution
		{F9E08994-3C60-4BA5-8A12-2636BB57E200}.Debug|Any CPU.ActiveCfg = Debug|Any CPU
		{F9E08994-3C60-4BA5-8A12-2636BB57E200}.Debug|Any CPU.Build.0 = Debug|Any CPU
		{F9E08994-3C60-4BA5-8A12-2636BB57E200}.Release|Any CPU.ActiveCfg = Release|Any CPU
		{F9E08994-3C60-4BA5-8A12-2636BB57E200}.Release|Any CPU.Build.0 = Release|Any CPU
	EndGlobalSection
	GlobalSection(SolutionProperties) = preSolution
		HideSolutionNode = FALSE
	EndGlobalSection
	GlobalSection(ExtensibilityGlobals) = postSolution
		SolutionGuid = {3B750AC7-CD92-407F-AB2D-FA821171F64A}
	EndGlobalSection
EndGlobal
