
Microsoft Visual Studio Solution File, Format Version 12.00
# Visual Studio Version 17
VisualStudioVersion = 17.8.34112.27
MinimumVisualStudioVersion = 10.0.40219.1
Project("{FAE04EC0-301F-11D3-BF4B-00C04F79EFBC}") = "Net.API", "Net.API\Net.API.csproj", "{0022C53A-E67D-4FBB-970D-D1AE656FEB6F}"
EndProject
Project("{FAE04EC0-301F-11D3-BF4B-00C04F79EFBC}") = "Net.Blazor", "Net.Blazor\Net.Blazor.csproj", "{AA3BDC20-8750-4092-A855-9123DC964CE6}"
EndProject
Project("{FAE04EC0-301F-11D3-BF4B-00C04F79EFBC}") = "Net.MVC", "Net.MVC\Net.MVC.csproj", "{C14933D9-96F6-4D86-AB66-0FAB50F7332F}"
EndProject
Global
	GlobalSection(SolutionConfigurationPlatforms) = preSolution
		Debug|Any CPU = Debug|Any CPU
		Release|Any CPU = Release|Any CPU
	EndGlobalSection
	GlobalSection(ProjectConfigurationPlatforms) = postSolution
		{0022C53A-E67D-4FBB-970D-D1AE656FEB6F}.Debug|Any CPU.ActiveCfg = Debug|Any CPU
		{0022C53A-E67D-4FBB-970D-D1AE656FEB6F}.Debug|Any CPU.Build.0 = Debug|Any CPU
		{0022C53A-E67D-4FBB-970D-D1AE656FEB6F}.Release|Any CPU.ActiveCfg = Release|Any CPU
		{0022C53A-E67D-4FBB-970D-D1AE656FEB6F}.Release|Any CPU.Build.0 = Release|Any CPU
		{AA3BDC20-8750-4092-A855-9123DC964CE6}.Debug|Any CPU.ActiveCfg = Debug|Any CPU
		{AA3BDC20-8750-4092-A855-9123DC964CE6}.Debug|Any CPU.Build.0 = Debug|Any CPU
		{AA3BDC20-8750-4092-A855-9123DC964CE6}.Release|Any CPU.ActiveCfg = Release|Any CPU
		{AA3BDC20-8750-4092-A855-9123DC964CE6}.Release|Any CPU.Build.0 = Release|Any CPU
		{C14933D9-96F6-4D86-AB66-0FAB50F7332F}.Debug|Any CPU.ActiveCfg = Debug|Any CPU
		{C14933D9-96F6-4D86-AB66-0FAB50F7332F}.Debug|Any CPU.Build.0 = Debug|Any CPU
		{C14933D9-96F6-4D86-AB66-0FAB50F7332F}.Release|Any CPU.ActiveCfg = Release|Any CPU
		{C14933D9-96F6-4D86-AB66-0FAB50F7332F}.Release|Any CPU.Build.0 = Release|Any CPU
	EndGlobalSection
	GlobalSection(SolutionProperties) = preSolution
		HideSolutionNode = FALSE
	EndGlobalSection
	GlobalSection(ExtensibilityGlobals) = postSolution
		SolutionGuid = {2D853039-82FB-4729-A6B9-635C8E600106}
	EndGlobalSection
EndGlobal
