
Microsoft Visual Studio Solution File, Format Version 12.00
# Visual Studio Version 17
VisualStudioVersion = 17.7.34202.233
MinimumVisualStudioVersion = 10.0.40219.1
Project("{9A19103F-16F7-4668-BE54-9A1E7A4F7556}") = "WeatherForecast", "WeatherForecast\WeatherForecast.csproj", "{B03E00F3-908F-4944-97BC-6692C2BCC768}"
EndProject
Project("{9A19103F-16F7-4668-BE54-9A1E7A4F7556}") = "HotelBooking", "HotelBooking\HotelBooking.csproj", "{743292ED-85A0-4786-9613-26BC304005D7}"
EndProject
Project("{9A19103F-16F7-4668-BE54-9A1E7A4F7556}") = "PluginShared", "PluginShared\PluginShared.csproj", "{96D9AA8D-C1FC-4F6C-BD76-D104D86DA968}"
EndProject
Global
	GlobalSection(SolutionConfigurationPlatforms) = preSolution
		Debug|Any CPU = Debug|Any CPU
		Release|Any CPU = Release|Any CPU
	EndGlobalSection
	GlobalSection(ProjectConfigurationPlatforms) = postSolution
		{B03E00F3-908F-4944-97BC-6692C2BCC768}.Debug|Any CPU.ActiveCfg = Debug|Any CPU
		{B03E00F3-908F-4944-97BC-6692C2BCC768}.Debug|Any CPU.Build.0 = Debug|Any CPU
		{B03E00F3-908F-4944-97BC-6692C2BCC768}.Release|Any CPU.ActiveCfg = Release|Any CPU
		{B03E00F3-908F-4944-97BC-6692C2BCC768}.Release|Any CPU.Build.0 = Release|Any CPU
		{743292ED-85A0-4786-9613-26BC304005D7}.Debug|Any CPU.ActiveCfg = Debug|Any CPU
		{743292ED-85A0-4786-9613-26BC304005D7}.Debug|Any CPU.Build.0 = Debug|Any CPU
		{743292ED-85A0-4786-9613-26BC304005D7}.Release|Any CPU.ActiveCfg = Release|Any CPU
		{743292ED-85A0-4786-9613-26BC304005D7}.Release|Any CPU.Build.0 = Release|Any CPU
		{96D9AA8D-C1FC-4F6C-BD76-D104D86DA968}.Debug|Any CPU.ActiveCfg = Debug|Any CPU
		{96D9AA8D-C1FC-4F6C-BD76-D104D86DA968}.Debug|Any CPU.Build.0 = Debug|Any CPU
		{96D9AA8D-C1FC-4F6C-BD76-D104D86DA968}.Release|Any CPU.ActiveCfg = Release|Any CPU
		{96D9AA8D-C1FC-4F6C-BD76-D104D86DA968}.Release|Any CPU.Build.0 = Release|Any CPU
	EndGlobalSection
	GlobalSection(SolutionProperties) = preSolution
		HideSolutionNode = FALSE
	EndGlobalSection
	GlobalSection(ExtensibilityGlobals) = postSolution
		SolutionGuid = {F57E948F-653A-492E-84D4-8C02948E0F69}
	EndGlobalSection
EndGlobal
