
Microsoft Visual Studio Solution File, Format Version 12.00
# Visual Studio Version 17
VisualStudioVersion = 17.7.33711.374
MinimumVisualStudioVersion = 10.0.40219.1
Project("{9A19103F-16F7-4668-BE54-9A1E7A4F7556}") = "Dapr.Api1", "Dapr.Api1\Dapr.Api1.csproj", "{FF4AA3C6-5EA5-441A-AD8D-FA352C58896A}"
EndProject
Project("{9A19103F-16F7-4668-BE54-9A1E7A4F7556}") = "Dapr.Api2", "Dapr.Api2\Dapr.Api2.csproj", "{9BB4C6B3-3DBE-4FAC-B4D9-8D0913842E2B}"
EndProject
Project("{9A19103F-16F7-4668-BE54-9A1E7A4F7556}") = "Dapr.Yarp", "Dapr.Yarp\Dapr.Yarp.csproj", "{AF5FDC61-8DF9-4D50-A716-4C1BB7C8062C}"
EndProject
Global
	GlobalSection(SolutionConfigurationPlatforms) = preSolution
		Debug|Any CPU = Debug|Any CPU
		Release|Any CPU = Release|Any CPU
	EndGlobalSection
	GlobalSection(ProjectConfigurationPlatforms) = postSolution
		{FF4AA3C6-5EA5-441A-AD8D-FA352C58896A}.Debug|Any CPU.ActiveCfg = Debug|Any CPU
		{FF4AA3C6-5EA5-441A-AD8D-FA352C58896A}.Debug|Any CPU.Build.0 = Debug|Any CPU
		{FF4AA3C6-5EA5-441A-AD8D-FA352C58896A}.Release|Any CPU.ActiveCfg = Release|Any CPU
		{FF4AA3C6-5EA5-441A-AD8D-FA352C58896A}.Release|Any CPU.Build.0 = Release|Any CPU
		{9BB4C6B3-3DBE-4FAC-B4D9-8D0913842E2B}.Debug|Any CPU.ActiveCfg = Debug|Any CPU
		{9BB4C6B3-3DBE-4FAC-B4D9-8D0913842E2B}.Debug|Any CPU.Build.0 = Debug|Any CPU
		{9BB4C6B3-3DBE-4FAC-B4D9-8D0913842E2B}.Release|Any CPU.ActiveCfg = Release|Any CPU
		{9BB4C6B3-3DBE-4FAC-B4D9-8D0913842E2B}.Release|Any CPU.Build.0 = Release|Any CPU
		{AF5FDC61-8DF9-4D50-A716-4C1BB7C8062C}.Debug|Any CPU.ActiveCfg = Debug|Any CPU
		{AF5FDC61-8DF9-4D50-A716-4C1BB7C8062C}.Debug|Any CPU.Build.0 = Debug|Any CPU
		{AF5FDC61-8DF9-4D50-A716-4C1BB7C8062C}.Release|Any CPU.ActiveCfg = Release|Any CPU
		{AF5FDC61-8DF9-4D50-A716-4C1BB7C8062C}.Release|Any CPU.Build.0 = Release|Any CPU
	EndGlobalSection
	GlobalSection(SolutionProperties) = preSolution
		HideSolutionNode = FALSE
	EndGlobalSection
	GlobalSection(ExtensibilityGlobals) = postSolution
		SolutionGuid = {A675BFA1-FE44-4258-8898-8150D724E26F}
	EndGlobalSection
EndGlobal
