
Microsoft Visual Studio Solution File, Format Version 12.00
# Visual Studio Version 17
VisualStudioVersion = 17.1.31911.260
MinimumVisualStudioVersion = 10.0.40219.1
Project("{9A19103F-16F7-4668-BE54-9A1E7A4F7556}") = "Rest.API", "WebApplication2\Rest.API.csproj", "{C3934453-783F-4626-85B3-18D815CB50B1}"
EndProject
Project("{9A19103F-16F7-4668-BE54-9A1E7A4F7556}") = "API", "API\API.csproj", "{92FCE615-B62E-47B3-A444-07F14B6DDA6F}"
EndProject
Project("{9A19103F-16F7-4668-BE54-9A1E7A4F7556}") = "WebApplication1", "WebApplication1\WebApplication1.csproj", "{A33F0B6E-A643-4182-B2A2-4773026C4501}"
EndProject
Project("{9A19103F-16F7-4668-BE54-9A1E7A4F7556}") = "GraphQL.API", "GraphQL.API\GraphQL.API.csproj", "{1E96CCAD-DBA5-4CA7-89CF-B93ECA386BD7}"
EndProject
Project("{9A19103F-16F7-4668-BE54-9A1E7A4F7556}") = "Infrastructure", "Infrastructure\Infrastructure.csproj", "{C4DB1A80-A194-4736-AC8A-BB7394ECA23C}"
EndProject
Project("{FAE04EC0-301F-11D3-BF4B-00C04F79EFBC}") = "GrpcService1", "GrpcService1\GrpcService1.csproj", "{4A84F18E-141F-4A2B-BEBA-F465864A5C41}"
EndProject
Project("{E53339B2-1760-4266-BCC7-CA923CBCF16C}") = "Docker", "Docker.dcproj", "{B74F58D6-EB10-4116-8845-7455B83145E3}"
EndProject
Project("{2150E333-8FDC-42A3-9474-1A3956D46DE8}") = "DaprApps", "DaprApps", "{3E1F5B3F-2E4E-4C50-AA84-694F94519A1E}"
EndProject
Project("{9A19103F-16F7-4668-BE54-9A1E7A4F7556}") = "Dapr.Api1", "Dapr.Api1\Dapr.Api1.csproj", "{5A6A1105-7151-4890-A38E-89BC05119242}"
EndProject
Project("{9A19103F-16F7-4668-BE54-9A1E7A4F7556}") = "Dapr.Api2", "Dapr.Api2\Dapr.Api2.csproj", "{0A043F89-7A7D-46E1-B90E-7C415C087682}"
EndProject
Project("{9A19103F-16F7-4668-BE54-9A1E7A4F7556}") = "Dapr.Yarp", "Dapr.Yarp\Dapr.Yarp.csproj", "{44E400BC-D6E7-4996-BBA9-549F5833B54B}"
EndProject
Project("{2150E333-8FDC-42A3-9474-1A3956D46DE8}") = "K8sReadinessTests", "K8sReadinessTests", "{BA1BD428-4989-4B1D-8283-167AE6ED99A1}"
EndProject
Project("{2150E333-8FDC-42A3-9474-1A3956D46DE8}") = "OtherStuff", "OtherStuff", "{69A1AB72-BA53-420D-87FC-B68B42C75ECD}"
EndProject
Global
	GlobalSection(SolutionConfigurationPlatforms) = preSolution
		Debug|Any CPU = Debug|Any CPU
		Release|Any CPU = Release|Any CPU
	EndGlobalSection
	GlobalSection(ProjectConfigurationPlatforms) = postSolution
		{C3934453-783F-4626-85B3-18D815CB50B1}.Debug|Any CPU.ActiveCfg = Debug|Any CPU
		{C3934453-783F-4626-85B3-18D815CB50B1}.Debug|Any CPU.Build.0 = Debug|Any CPU
		{C3934453-783F-4626-85B3-18D815CB50B1}.Release|Any CPU.ActiveCfg = Release|Any CPU
		{C3934453-783F-4626-85B3-18D815CB50B1}.Release|Any CPU.Build.0 = Release|Any CPU
		{92FCE615-B62E-47B3-A444-07F14B6DDA6F}.Debug|Any CPU.ActiveCfg = Debug|Any CPU
		{92FCE615-B62E-47B3-A444-07F14B6DDA6F}.Debug|Any CPU.Build.0 = Debug|Any CPU
		{92FCE615-B62E-47B3-A444-07F14B6DDA6F}.Release|Any CPU.ActiveCfg = Release|Any CPU
		{92FCE615-B62E-47B3-A444-07F14B6DDA6F}.Release|Any CPU.Build.0 = Release|Any CPU
		{A33F0B6E-A643-4182-B2A2-4773026C4501}.Debug|Any CPU.ActiveCfg = Debug|Any CPU
		{A33F0B6E-A643-4182-B2A2-4773026C4501}.Debug|Any CPU.Build.0 = Debug|Any CPU
		{A33F0B6E-A643-4182-B2A2-4773026C4501}.Release|Any CPU.ActiveCfg = Release|Any CPU
		{A33F0B6E-A643-4182-B2A2-4773026C4501}.Release|Any CPU.Build.0 = Release|Any CPU
		{1E96CCAD-DBA5-4CA7-89CF-B93ECA386BD7}.Debug|Any CPU.ActiveCfg = Debug|Any CPU
		{1E96CCAD-DBA5-4CA7-89CF-B93ECA386BD7}.Debug|Any CPU.Build.0 = Debug|Any CPU
		{1E96CCAD-DBA5-4CA7-89CF-B93ECA386BD7}.Release|Any CPU.ActiveCfg = Release|Any CPU
		{1E96CCAD-DBA5-4CA7-89CF-B93ECA386BD7}.Release|Any CPU.Build.0 = Release|Any CPU
		{C4DB1A80-A194-4736-AC8A-BB7394ECA23C}.Debug|Any CPU.ActiveCfg = Debug|Any CPU
		{C4DB1A80-A194-4736-AC8A-BB7394ECA23C}.Debug|Any CPU.Build.0 = Debug|Any CPU
		{C4DB1A80-A194-4736-AC8A-BB7394ECA23C}.Release|Any CPU.ActiveCfg = Release|Any CPU
		{C4DB1A80-A194-4736-AC8A-BB7394ECA23C}.Release|Any CPU.Build.0 = Release|Any CPU
		{4A84F18E-141F-4A2B-BEBA-F465864A5C41}.Debug|Any CPU.ActiveCfg = Debug|Any CPU
		{4A84F18E-141F-4A2B-BEBA-F465864A5C41}.Debug|Any CPU.Build.0 = Debug|Any CPU
		{4A84F18E-141F-4A2B-BEBA-F465864A5C41}.Release|Any CPU.ActiveCfg = Release|Any CPU
		{4A84F18E-141F-4A2B-BEBA-F465864A5C41}.Release|Any CPU.Build.0 = Release|Any CPU
		{B74F58D6-EB10-4116-8845-7455B83145E3}.Debug|Any CPU.ActiveCfg = Debug|Any CPU
		{B74F58D6-EB10-4116-8845-7455B83145E3}.Release|Any CPU.ActiveCfg = Release|Any CPU
		{5A6A1105-7151-4890-A38E-89BC05119242}.Debug|Any CPU.ActiveCfg = Debug|Any CPU
		{5A6A1105-7151-4890-A38E-89BC05119242}.Debug|Any CPU.Build.0 = Debug|Any CPU
		{5A6A1105-7151-4890-A38E-89BC05119242}.Release|Any CPU.ActiveCfg = Release|Any CPU
		{5A6A1105-7151-4890-A38E-89BC05119242}.Release|Any CPU.Build.0 = Release|Any CPU
		{0A043F89-7A7D-46E1-B90E-7C415C087682}.Debug|Any CPU.ActiveCfg = Debug|Any CPU
		{0A043F89-7A7D-46E1-B90E-7C415C087682}.Debug|Any CPU.Build.0 = Debug|Any CPU
		{0A043F89-7A7D-46E1-B90E-7C415C087682}.Release|Any CPU.ActiveCfg = Release|Any CPU
		{0A043F89-7A7D-46E1-B90E-7C415C087682}.Release|Any CPU.Build.0 = Release|Any CPU
		{44E400BC-D6E7-4996-BBA9-549F5833B54B}.Debug|Any CPU.ActiveCfg = Debug|Any CPU
		{44E400BC-D6E7-4996-BBA9-549F5833B54B}.Debug|Any CPU.Build.0 = Debug|Any CPU
		{44E400BC-D6E7-4996-BBA9-549F5833B54B}.Release|Any CPU.ActiveCfg = Release|Any CPU
		{44E400BC-D6E7-4996-BBA9-549F5833B54B}.Release|Any CPU.Build.0 = Release|Any CPU
	EndGlobalSection
	GlobalSection(SolutionProperties) = preSolution
		HideSolutionNode = FALSE
	EndGlobalSection
	GlobalSection(NestedProjects) = preSolution
		{C3934453-783F-4626-85B3-18D815CB50B1} = {69A1AB72-BA53-420D-87FC-B68B42C75ECD}
		{92FCE615-B62E-47B3-A444-07F14B6DDA6F} = {69A1AB72-BA53-420D-87FC-B68B42C75ECD}
		{A33F0B6E-A643-4182-B2A2-4773026C4501} = {69A1AB72-BA53-420D-87FC-B68B42C75ECD}
		{1E96CCAD-DBA5-4CA7-89CF-B93ECA386BD7} = {69A1AB72-BA53-420D-87FC-B68B42C75ECD}
		{C4DB1A80-A194-4736-AC8A-BB7394ECA23C} = {69A1AB72-BA53-420D-87FC-B68B42C75ECD}
		{4A84F18E-141F-4A2B-BEBA-F465864A5C41} = {69A1AB72-BA53-420D-87FC-B68B42C75ECD}
		{5A6A1105-7151-4890-A38E-89BC05119242} = {3E1F5B3F-2E4E-4C50-AA84-694F94519A1E}
		{0A043F89-7A7D-46E1-B90E-7C415C087682} = {3E1F5B3F-2E4E-4C50-AA84-694F94519A1E}
		{44E400BC-D6E7-4996-BBA9-549F5833B54B} = {3E1F5B3F-2E4E-4C50-AA84-694F94519A1E}
	EndGlobalSection
	GlobalSection(ExtensibilityGlobals) = postSolution
		SolutionGuid = {6BE31D90-08E7-4C2C-AAC1-84E25E8849EA}
	EndGlobalSection
EndGlobal
