
Microsoft Visual Studio Solution File, Format Version 12.00
# Visual Studio Version 17
VisualStudioVersion = 17.5.001.0
MinimumVisualStudioVersion = 10.0.40219.1
Project("{9A19103F-16F7-4668-BE54-9A1E7A4F7556}") = "AppService-FrontDoor-PrivateEndpoints", "AppService-FrontDoor-PrivateEndpoints.csproj", "{01A0C082-659B-4D9F-B437-80DCB58B4EB0}"
EndProject
Global
	GlobalSection(SolutionConfigurationPlatforms) = preSolution
		Debug|Any CPU = Debug|Any CPU
		Release|Any CPU = Release|Any CPU
	EndGlobalSection
	GlobalSection(ProjectConfigurationPlatforms) = postSolution
		{01A0C082-659B-4D9F-B437-80DCB58B4EB0}.Debug|Any CPU.ActiveCfg = Debug|Any CPU
		{01A0C082-659B-4D9F-B437-80DCB58B4EB0}.Debug|Any CPU.Build.0 = Debug|Any CPU
		{01A0C082-659B-4D9F-B437-80DCB58B4EB0}.Release|Any CPU.ActiveCfg = Release|Any CPU
		{01A0C082-659B-4D9F-B437-80DCB58B4EB0}.Release|Any CPU.Build.0 = Release|Any CPU
	EndGlobalSection
	GlobalSection(SolutionProperties) = preSolution
		HideSolutionNode = FALSE
	EndGlobalSection
	GlobalSection(ExtensibilityGlobals) = postSolution
		SolutionGuid = {81A1AA76-B96A-464D-A4A9-D86F4F577976}
	EndGlobalSection
EndGlobal
