
Microsoft Visual Studio Solution File, Format Version 12.00
# Visual Studio Version 17
VisualStudioVersion = 17.2.32210.308
MinimumVisualStudioVersion = 10.0.40219.1
Project("{9A19103F-16F7-4668-BE54-9A1E7A4F7556}") = "EventSourcing", "WebApp\EventSourcing.csproj", "{83176CA2-A873-4BB4-A917-46B1E2982410}"
EndProject
Project("{9A19103F-16F7-4668-BE54-9A1E7A4F7556}") = "EventSourcing.Common", "EventSourcing.Common\EventSourcing.Common.csproj", "{D9268B36-4C02-42D2-A01A-C113DAF5ADBA}"
EndProject
Project("{9A19103F-16F7-4668-BE54-9A1E7A4F7556}") = "EventSourcing.Functions", "EventSourcing.Functions\EventSourcing.Functions.csproj", "{138F7559-EC49-478F-A551-B6ADE8FFDA0E}"
EndProject
Global
	GlobalSection(SolutionConfigurationPlatforms) = preSolution
		Debug|Any CPU = Debug|Any CPU
		Release|Any CPU = Release|Any CPU
	EndGlobalSection
	GlobalSection(ProjectConfigurationPlatforms) = postSolution
		{83176CA2-A873-4BB4-A917-46B1E2982410}.Debug|Any CPU.ActiveCfg = Debug|Any CPU
		{83176CA2-A873-4BB4-A917-46B1E2982410}.Debug|Any CPU.Build.0 = Debug|Any CPU
		{83176CA2-A873-4BB4-A917-46B1E2982410}.Release|Any CPU.ActiveCfg = Release|Any CPU
		{83176CA2-A873-4BB4-A917-46B1E2982410}.Release|Any CPU.Build.0 = Release|Any CPU
		{D9268B36-4C02-42D2-A01A-C113DAF5ADBA}.Debug|Any CPU.ActiveCfg = Debug|Any CPU
		{D9268B36-4C02-42D2-A01A-C113DAF5ADBA}.Debug|Any CPU.Build.0 = Debug|Any CPU
		{D9268B36-4C02-42D2-A01A-C113DAF5ADBA}.Release|Any CPU.ActiveCfg = Release|Any CPU
		{D9268B36-4C02-42D2-A01A-C113DAF5ADBA}.Release|Any CPU.Build.0 = Release|Any CPU
		{138F7559-EC49-478F-A551-B6ADE8FFDA0E}.Debug|Any CPU.ActiveCfg = Debug|Any CPU
		{138F7559-EC49-478F-A551-B6ADE8FFDA0E}.Debug|Any CPU.Build.0 = Debug|Any CPU
		{138F7559-EC49-478F-A551-B6ADE8FFDA0E}.Release|Any CPU.ActiveCfg = Release|Any CPU
		{138F7559-EC49-478F-A551-B6ADE8FFDA0E}.Release|Any CPU.Build.0 = Release|Any CPU
	EndGlobalSection
	GlobalSection(SolutionProperties) = preSolution
		HideSolutionNode = FALSE
	EndGlobalSection
	GlobalSection(ExtensibilityGlobals) = postSolution
		SolutionGuid = {E7415B28-1541-494E-A2FD-E70CC424D012}
	EndGlobalSection
EndGlobal
