
Microsoft Visual Studio Solution File, Format Version 12.00
# Visual Studio Version 17
VisualStudioVersion = 17.2.32210.308
MinimumVisualStudioVersion = 10.0.40219.1
Project("{9A19103F-16F7-4668-BE54-9A1E7A4F7556}") = "NetCore.AppConfig.WinService", "NetCore.AppConfig.WinService\NetCore.AppConfig.WinService.csproj", "{FADA4CAE-CF6A-49E3-8C72-6B4788E74BAF}"
EndProject
Project("{9A19103F-16F7-4668-BE54-9A1E7A4F7556}") = "TcpTimeServer.Service", "TcpTimeServer.Service\TcpTimeServer.Service.csproj", "{52FE1F20-DF84-40A3-B2EA-2F96052640B1}"
EndProject
Global
	GlobalSection(SolutionConfigurationPlatforms) = preSolution
		Debug|Any CPU = Debug|Any CPU
		Release|Any CPU = Release|Any CPU
	EndGlobalSection
	GlobalSection(ProjectConfigurationPlatforms) = postSolution
		{FADA4CAE-CF6A-49E3-8C72-6B4788E74BAF}.Debug|Any CPU.ActiveCfg = Debug|Any CPU
		{FADA4CAE-CF6A-49E3-8C72-6B4788E74BAF}.Debug|Any CPU.Build.0 = Debug|Any CPU
		{FADA4CAE-CF6A-49E3-8C72-6B4788E74BAF}.Release|Any CPU.ActiveCfg = Release|Any CPU
		{FADA4CAE-CF6A-49E3-8C72-6B4788E74BAF}.Release|Any CPU.Build.0 = Release|Any CPU
		{52FE1F20-DF84-40A3-B2EA-2F96052640B1}.Debug|Any CPU.ActiveCfg = Debug|Any CPU
		{52FE1F20-DF84-40A3-B2EA-2F96052640B1}.Debug|Any CPU.Build.0 = Debug|Any CPU
		{52FE1F20-DF84-40A3-B2EA-2F96052640B1}.Release|Any CPU.ActiveCfg = Release|Any CPU
		{52FE1F20-DF84-40A3-B2EA-2F96052640B1}.Release|Any CPU.Build.0 = Release|Any CPU
	EndGlobalSection
	GlobalSection(SolutionProperties) = preSolution
		HideSolutionNode = FALSE
	EndGlobalSection
	GlobalSection(ExtensibilityGlobals) = postSolution
		SolutionGuid = {2D853039-82FB-4729-A6B9-635C8E600106}
	EndGlobalSection
EndGlobal
